
Microsoft Visual Studio Solution File, Format Version 12.00
# Visual Studio Version 17
VisualStudioVersion = 17.0.31903.59
MinimumVisualStudioVersion = 10.0.40219.1
Project("{2150E333-8FDC-42A3-9474-1A3956D46DE8}") = "src", "src", "{2A2122F5-69D5-4491-A8DF-55C275ACA4F8}"
EndProject
Project("{9A19103F-16F7-4668-BE54-9A1E7A4F7556}") = "Authorization.PolicyForT", "src\Authorization.PolicyForT\Authorization.PolicyForT.csproj", "{DDD4E642-EC7E-49E5-ABBC-9B833B669200}"
EndProject
Project("{2150E333-8FDC-42A3-9474-1A3956D46DE8}") = "test", "test", "{343DF909-4BAC-4898-BACF-ADDDC0CE37CA}"
EndProject
Project("{9A19103F-16F7-4668-BE54-9A1E7A4F7556}") = "Authorization.PolicyForT.Tests", "test\Authorization.PolicyForT.Tests\Authorization.PolicyForT.Tests.csproj", "{FFDBBB5F-EA4C-4338-8D57-C51DEF874A54}"
EndProject
Project("{9A19103F-16F7-4668-BE54-9A1E7A4F7556}") = "Authorization.PolicyForT.Extensions.DependencyInjection", "src\Authorization.PolicyForT.Extensions.DependencyInjection\Authorization.PolicyForT.Extensions.DependencyInjection.csproj", "{FFB25345-C8B5-4305-898B-1471F78C7812}"
EndProject
Project("{9A19103F-16F7-4668-BE54-9A1E7A4F7556}") = "SampleApp", "examples\SampleApp\SampleApp.csproj", "{4360C73C-5AD3-46E6-99B7-9F5FABEE9645}"
EndProject
Project("{2150E333-8FDC-42A3-9474-1A3956D46DE8}") = "examples", "examples", "{BFA2B67E-4505-40DD-ABAF-B8562A8183EB}"
EndProject
Project("{9A19103F-16F7-4668-BE54-9A1E7A4F7556}") = "ApplicationLayerLibA", "examples\ApplicationLayerLibA\ApplicationLayerLibA.csproj", "{3963D352-8B15-46ED-A9E7-0BFE7F6CB07D}"
EndProject
Project("{2150E333-8FDC-42A3-9474-1A3956D46DE8}") = "Solution Items", "Solution Items", "{02D75F78-BE0D-4F47-8363-B115C1AC7DA4}"
	ProjectSection(SolutionItems) = preProject
		.editorconfig = .editorconfig
		.gitignore = .gitignore
	EndProjectSection
EndProject
Global
	GlobalSection(SolutionConfigurationPlatforms) = preSolution
		Debug|Any CPU = Debug|Any CPU
		Release|Any CPU = Release|Any CPU
	EndGlobalSection
	GlobalSection(ProjectConfigurationPlatforms) = postSolution
		{DDD4E642-EC7E-49E5-ABBC-9B833B669200}.Debug|Any CPU.ActiveCfg = Debug|Any CPU
		{DDD4E642-EC7E-49E5-ABBC-9B833B669200}.Debug|Any CPU.Build.0 = Debug|Any CPU
		{DDD4E642-EC7E-49E5-ABBC-9B833B669200}.Release|Any CPU.ActiveCfg = Release|Any CPU
		{DDD4E642-EC7E-49E5-ABBC-9B833B669200}.Release|Any CPU.Build.0 = Release|Any CPU
		{FFDBBB5F-EA4C-4338-8D57-C51DEF874A54}.Debug|Any CPU.ActiveCfg = Debug|Any CPU
		{FFDBBB5F-EA4C-4338-8D57-C51DEF874A54}.Debug|Any CPU.Build.0 = Debug|Any CPU
		{FFDBBB5F-EA4C-4338-8D57-C51DEF874A54}.Release|Any CPU.ActiveCfg = Release|Any CPU
		{FFDBBB5F-EA4C-4338-8D57-C51DEF874A54}.Release|Any CPU.Build.0 = Release|Any CPU
		{FFB25345-C8B5-4305-898B-1471F78C7812}.Debug|Any CPU.ActiveCfg = Debug|Any CPU
		{FFB25345-C8B5-4305-898B-1471F78C7812}.Debug|Any CPU.Build.0 = Debug|Any CPU
		{FFB25345-C8B5-4305-898B-1471F78C7812}.Release|Any CPU.ActiveCfg = Release|Any CPU
		{FFB25345-C8B5-4305-898B-1471F78C7812}.Release|Any CPU.Build.0 = Release|Any CPU
		{4360C73C-5AD3-46E6-99B7-9F5FABEE9645}.Debug|Any CPU.ActiveCfg = Debug|Any CPU
		{4360C73C-5AD3-46E6-99B7-9F5FABEE9645}.Debug|Any CPU.Build.0 = Debug|Any CPU
		{4360C73C-5AD3-46E6-99B7-9F5FABEE9645}.Release|Any CPU.ActiveCfg = Release|Any CPU
		{4360C73C-5AD3-46E6-99B7-9F5FABEE9645}.Release|Any CPU.Build.0 = Release|Any CPU
		{3963D352-8B15-46ED-A9E7-0BFE7F6CB07D}.Debug|Any CPU.ActiveCfg = Debug|Any CPU
		{3963D352-8B15-46ED-A9E7-0BFE7F6CB07D}.Debug|Any CPU.Build.0 = Debug|Any CPU
		{3963D352-8B15-46ED-A9E7-0BFE7F6CB07D}.Release|Any CPU.ActiveCfg = Release|Any CPU
		{3963D352-8B15-46ED-A9E7-0BFE7F6CB07D}.Release|Any CPU.Build.0 = Release|Any CPU
	EndGlobalSection
	GlobalSection(SolutionProperties) = preSolution
		HideSolutionNode = FALSE
	EndGlobalSection
	GlobalSection(NestedProjects) = preSolution
		{DDD4E642-EC7E-49E5-ABBC-9B833B669200} = {2A2122F5-69D5-4491-A8DF-55C275ACA4F8}
		{FFDBBB5F-EA4C-4338-8D57-C51DEF874A54} = {343DF909-4BAC-4898-BACF-ADDDC0CE37CA}
		{FFB25345-C8B5-4305-898B-1471F78C7812} = {2A2122F5-69D5-4491-A8DF-55C275ACA4F8}
		{4360C73C-5AD3-46E6-99B7-9F5FABEE9645} = {BFA2B67E-4505-40DD-ABAF-B8562A8183EB}
		{3963D352-8B15-46ED-A9E7-0BFE7F6CB07D} = {BFA2B67E-4505-40DD-ABAF-B8562A8183EB}
	EndGlobalSection
	GlobalSection(ExtensibilityGlobals) = postSolution
		SolutionGuid = {564BFCCE-5CB7-445F-9FF0-59AA67243992}
	EndGlobalSection
EndGlobal
